<?xml version="1.0" encoding="UTF-8" standalone="yes" ?>
<CodeBlocks_project_file>
	<FileVersion major="1" minor="6" />
	<Project>
		<Option title="grafos" />
		<Option pch_mode="2" />
		<Option compiler="gcc" />
		<Build>
			<Target title="Debug">
				<Option output="bin/Debug/grafos" prefix_auto="1" extension_auto="1" />
				<Option object_output="obj/Debug/" />
				<Option type="1" />
				<Option compiler="gcc" />
				<Compiler>
					<Add option="-g" />
				</Compiler>
			</Target>
			<Target title="Release">
				<Option output="bin/Release/grafos" prefix_auto="1" extension_auto="1" />
				<Option object_output="obj/Release/" />
				<Option type="1" />
				<Option compiler="gcc" />
				<Compiler>
					<Add option="-O2" />
				</Compiler>
				<Linker>
					<Add option="-s" />
				</Linker>
			</Target>
		</Build>
		<Compiler>
			<Add option="-Wall" />
			<Add option="-fexceptions" />
		</Compiler>
		<Unit filename="agua.cpp" />
		<Unit filename="agua.h" />
		<Unit filename="aire.cpp" />
		<Unit filename="aire.h" />
		<Unit filename="camino.cpp" />
		<Unit filename="camino.h" />
		<Unit filename="casillero.cpp" />
		<Unit filename="casillero.h" />
		<Unit filename="fuego.cpp" />
		<Unit filename="fuego.h" />
		<Unit filename="grafo.cpp" />
		<Unit filename="grafo.h" />
		<Unit filename="lago.cpp" />
		<Unit filename="lago.h" />
		<Unit filename="lecturaCsvCasilleros.cpp" />
		<Unit filename="lecturaCsvCasilleros.h" />
		<Unit filename="lista.h" />
		<Unit filename="main.cpp" />
		<Unit filename="matriz.cpp" />
		<Unit filename="matriz.h" />
		<Unit filename="montania.cpp" />
		<Unit filename="montania.h" />
		<Unit filename="personaje.cpp" />
		<Unit filename="personaje.h" />
		<Unit filename="precipicio.cpp" />
		<Unit filename="precipicio.h" />
		<Unit filename="tierra.cpp" />
		<Unit filename="tierra.h" />
		<Unit filename="vacio.cpp" />
		<Unit filename="vacio.h" />
		<Unit filename="volcan.cpp" />
		<Unit filename="volcan.h" />
		<Extensions>
			<lib_finder disable_auto="1" />
		</Extensions>
	</Project>
</CodeBlocks_project_file>
